
Microsoft Visual Studio Solution File, Format Version 11.00
# Visual Studio 2010
# SharpDevelop 4.2.1.8805
Project("{FD48973F-F585-4F70-812B-4D0503B36CE9}") = "P 162b", "P 162b.pyproj", "{FDC7EBF1-6C19-45C9-9CA5-E891CAA33897}"
EndProject
Global
	GlobalSection(SolutionConfigurationPlatforms) = preSolution
		Debug|x86 = Debug|x86
		Release|x86 = Release|x86
	EndGlobalSection
	GlobalSection(ProjectConfigurationPlatforms) = postSolution
		{FDC7EBF1-6C19-45C9-9CA5-E891CAA33897}.Debug|x86.Build.0 = Debug|x86
		{FDC7EBF1-6C19-45C9-9CA5-E891CAA33897}.Debug|x86.ActiveCfg = Debug|x86
		{FDC7EBF1-6C19-45C9-9CA5-E891CAA33897}.Release|x86.Build.0 = Release|x86
		{FDC7EBF1-6C19-45C9-9CA5-E891CAA33897}.Release|x86.ActiveCfg = Release|x86
	EndGlobalSection
EndGlobal
