
Microsoft Visual Studio Solution File, Format Version 11.00
# Visual Studio 2010
# SharpDevelop 4.2.1.8805
Project("{FD48973F-F585-4F70-812B-4D0503B36CE9}") = "P 122a", "P 122a.pyproj", "{4F0BDA07-91E5-4F29-B3FB-63BE570BA41A}"
EndProject
Global
	GlobalSection(SolutionConfigurationPlatforms) = preSolution
		Debug|x86 = Debug|x86
		Release|x86 = Release|x86
	EndGlobalSection
	GlobalSection(ProjectConfigurationPlatforms) = postSolution
		{4F0BDA07-91E5-4F29-B3FB-63BE570BA41A}.Debug|x86.Build.0 = Debug|x86
		{4F0BDA07-91E5-4F29-B3FB-63BE570BA41A}.Debug|x86.ActiveCfg = Debug|x86
		{4F0BDA07-91E5-4F29-B3FB-63BE570BA41A}.Release|x86.Build.0 = Release|x86
		{4F0BDA07-91E5-4F29-B3FB-63BE570BA41A}.Release|x86.ActiveCfg = Release|x86
	EndGlobalSection
EndGlobal
